// !$*UTF8*$!
{
	archiveVersion = 1;
	classes = {
	};
	objectVersion = 50;
	objects = {

/* Begin PBXBuildFile section */
		E424B9A823D1C6100053DFD7 /* AppDelegate.m in Sources */ = {isa = PBXBuildFile; fileRef = E424B9A723D1C6100053DFD7 /* AppDelegate.m */; };
		E424B9AB23D1C6100053DFD7 /* SceneDelegate.m in Sources */ = {isa = PBXBuildFile; fileRef = E424B9AA23D1C6100053DFD7 /* SceneDelegate.m */; };
		E424B9AE23D1C6100053DFD7 /* ViewController.m in Sources */ = {isa = PBXBuildFile; fileRef = E424B9AD23D1C6100053DFD7 /* ViewController.m */; };
		E424B9B123D1C6100053DFD7 /* Main.storyboard in Resources */ = {isa = PBXBuildFile; fileRef = E424B9AF23D1C6100053DFD7 /* Main.storyboard */; };
		E424B9B323D1C6110053DFD7 /* Assets.xcassets in Resources */ = {isa = PBXBuildFile; fileRef = E424B9B223D1C6110053DFD7 /* Assets.xcassets */; };
		E424B9B623D1C6110053DFD7 /* LaunchScreen.storyboard in Resources */ = {isa = PBXBuildFile; fileRef = E424B9B423D1C6110053DFD7 /* LaunchScreen.storyboard */; };
		E424B9B923D1C6110053DFD7 /* main.m in Sources */ = {isa = PBXBuildFile; fileRef = E424B9B823D1C6110053DFD7 /* main.m */; };
		E424B9C623D1CA360053DFD7 /* lame.framework in Frameworks */ = {isa = PBXBuildFile; fileRef = E424B9C523D1CA360053DFD7 /* lame.framework */; };
		E424B9C923D1CB790053DFD7 /* CBICAFToMP3.m in Sources */ = {isa = PBXBuildFile; fileRef = E424B9C823D1CB780053DFD7 /* CBICAFToMP3.m */; };
		E424B9CF23D3F1440053DFD7 /* CBIAVRecorder.m in Sources */ = {isa = PBXBuildFile; fileRef = E424B9CE23D3F1440053DFD7 /* CBIAVRecorder.m */; };
		E4E970E523D3F74B0037196B /* 音频相关知识.md in Resources */ = {isa = PBXBuildFile; fileRef = E4E970E423D3F74B0037196B /* 音频相关知识.md */; };
/* End PBXBuildFile section */

/* Begin PBXFileReference section */
		E424B9A323D1C6100053DFD7 /* CBIKit.app */ = {isa = PBXFileReference; explicitFileType = wrapper.application; includeInIndex = 0; path = CBIKit.app; sourceTree = BUILT_PRODUCTS_DIR; };
		E424B9A623D1C6100053DFD7 /* AppDelegate.h */ = {isa = PBXFileReference; lastKnownFileType = sourcecode.c.h; path = AppDelegate.h; sourceTree = "<group>"; };
		E424B9A723D1C6100053DFD7 /* AppDelegate.m */ = {isa = PBXFileReference; lastKnownFileType = sourcecode.c.objc; path = AppDelegate.m; sourceTree = "<group>"; };
		E424B9A923D1C6100053DFD7 /* SceneDelegate.h */ = {isa = PBXFileReference; lastKnownFileType = sourcecode.c.h; path = SceneDelegate.h; sourceTree = "<group>"; };
		E424B9AA23D1C6100053DFD7 /* SceneDelegate.m */ = {isa = PBXFileReference; lastKnownFileType = sourcecode.c.objc; path = SceneDelegate.m; sourceTree = "<group>"; };
		E424B9AC23D1C6100053DFD7 /* ViewController.h */ = {isa = PBXFileReference; lastKnownFileType = sourcecode.c.h; path = ViewController.h; sourceTree = "<group>"; };
		E424B9AD23D1C6100053DFD7 /* ViewController.m */ = {isa = PBXFileReference; lastKnownFileType = sourcecode.c.objc; path = ViewController.m; sourceTree = "<group>"; };
		E424B9B023D1C6100053DFD7 /* Base */ = {isa = PBXFileReference; lastKnownFileType = file.storyboard; name = Base; path = Base.lproj/Main.storyboard; sourceTree = "<group>"; };
		E424B9B223D1C6110053DFD7 /* Assets.xcassets */ = {isa = PBXFileReference; lastKnownFileType = folder.assetcatalog; path = Assets.xcassets; sourceTree = "<group>"; };
		E424B9B523D1C6110053DFD7 /* Base */ = {isa = PBXFileReference; lastKnownFileType = file.storyboard; name = Base; path = Base.lproj/LaunchScreen.storyboard; sourceTree = "<group>"; };
		E424B9B723D1C6110053DFD7 /* Info.plist */ = {isa = PBXFileReference; lastKnownFileType = text.plist.xml; path = Info.plist; sourceTree = "<group>"; };
		E424B9B823D1C6110053DFD7 /* main.m */ = {isa = PBXFileReference; lastKnownFileType = sourcecode.c.objc; path = main.m; sourceTree = "<group>"; };
		E424B9C523D1CA360053DFD7 /* lame.framework */ = {isa = PBXFileReference; lastKnownFileType = wrapper.framework; path = lame.framework; sourceTree = "<group>"; };
		E424B9C723D1CB780053DFD7 /* CBICAFToMP3.h */ = {isa = PBXFileReference; fileEncoding = 4; lastKnownFileType = sourcecode.c.h; path = CBICAFToMP3.h; sourceTree = "<group>"; };
		E424B9C823D1CB780053DFD7 /* CBICAFToMP3.m */ = {isa = PBXFileReference; fileEncoding = 4; lastKnownFileType = sourcecode.c.objc; path = CBICAFToMP3.m; sourceTree = "<group>"; };
		E424B9CD23D3F1440053DFD7 /* CBIAVRecorder.h */ = {isa = PBXFileReference; lastKnownFileType = sourcecode.c.h; path = CBIAVRecorder.h; sourceTree = "<group>"; };
		E424B9CE23D3F1440053DFD7 /* CBIAVRecorder.m */ = {isa = PBXFileReference; lastKnownFileType = sourcecode.c.objc; path = CBIAVRecorder.m; sourceTree = "<group>"; };
		E4E970E423D3F74B0037196B /* 音频相关知识.md */ = {isa = PBXFileReference; lastKnownFileType = net.daringfireball.markdown; path = "音频相关知识.md"; sourceTree = "<group>"; };
/* End PBXFileReference section */

/* Begin PBXFrameworksBuildPhase section */
		E424B9A023D1C6100053DFD7 /* Frameworks */ = {
			isa = PBXFrameworksBuildPhase;
			buildActionMask = 2147483647;
			files = (
				E424B9C623D1CA360053DFD7 /* lame.framework in Frameworks */,
			);
			runOnlyForDeploymentPostprocessing = 0;
		};
/* End PBXFrameworksBuildPhase section */

/* Begin PBXGroup section */
		E424B99A23D1C6100053DFD7 = {
			isa = PBXGroup;
			children = (
				E424B9A523D1C6100053DFD7 /* CBIKit */,
				E424B9A423D1C6100053DFD7 /* Products */,
			);
			sourceTree = "<group>";
		};
		E424B9A423D1C6100053DFD7 /* Products */ = {
			isa = PBXGroup;
			children = (
				E424B9A323D1C6100053DFD7 /* CBIKit.app */,
			);
			name = Products;
			sourceTree = "<group>";
		};
		E424B9A523D1C6100053DFD7 /* CBIKit */ = {
			isa = PBXGroup;
			children = (
				E424B9A623D1C6100053DFD7 /* AppDelegate.h */,
				E424B9A723D1C6100053DFD7 /* AppDelegate.m */,
				E424B9A923D1C6100053DFD7 /* SceneDelegate.h */,
				E424B9AA23D1C6100053DFD7 /* SceneDelegate.m */,
				E424B9AC23D1C6100053DFD7 /* ViewController.h */,
				E424B9AD23D1C6100053DFD7 /* ViewController.m */,
				E424B9BF23D1C99C0053DFD7 /* Audio */,
				E424B9AF23D1C6100053DFD7 /* Main.storyboard */,
				E424B9B223D1C6110053DFD7 /* Assets.xcassets */,
				E424B9B423D1C6110053DFD7 /* LaunchScreen.storyboard */,
				E424B9B723D1C6110053DFD7 /* Info.plist */,
				E424B9B823D1C6110053DFD7 /* main.m */,
			);
			path = CBIKit;
			sourceTree = "<group>";
		};
		E424B9BF23D1C99C0053DFD7 /* Audio */ = {
			isa = PBXGroup;
			children = (
				E424B9C023D1C9A50053DFD7 /* Recoder */,
			);
			path = Audio;
			sourceTree = "<group>";
		};
		E424B9C023D1C9A50053DFD7 /* Recoder */ = {
			isa = PBXGroup;
			children = (
				E424B9CB23D3F06A0053DFD7 /* Frameworks */,
				E424B9CA23D3F05F0053DFD7 /* AVFoundation */,
				E4E970E423D3F74B0037196B /* 音频相关知识.md */,
			);
			path = Recoder;
			sourceTree = "<group>";
		};
		E424B9C123D1C9C00053DFD7 /* MP3 */ = {
			isa = PBXGroup;
			children = (
				E424B9C723D1CB780053DFD7 /* CBICAFToMP3.h */,
				E424B9C823D1CB780053DFD7 /* CBICAFToMP3.m */,
			);
			path = MP3;
			sourceTree = "<group>";
		};
		E424B9C223D1C9E00053DFD7 /* PCM */ = {
			isa = PBXGroup;
			children = (
			);
			path = PCM;
			sourceTree = "<group>";
		};
		E424B9C323D1C9F00053DFD7 /* AVI */ = {
			isa = PBXGroup;
			children = (
			);
			path = AVI;
			sourceTree = "<group>";
		};
		E424B9C423D1CA1F0053DFD7 /* Lame */ = {
			isa = PBXGroup;
			children = (
				E424B9C523D1CA360053DFD7 /* lame.framework */,
			);
			path = Lame;
			sourceTree = "<group>";
		};
		E424B9CA23D3F05F0053DFD7 /* AVFoundation */ = {
			isa = PBXGroup;
			children = (
				E424B9CC23D3F1060053DFD7 /* Recorder */,
				E424B9C323D1C9F00053DFD7 /* AVI */,
				E424B9C223D1C9E00053DFD7 /* PCM */,
				E424B9C123D1C9C00053DFD7 /* MP3 */,
			);
			path = AVFoundation;
			sourceTree = "<group>";
		};
		E424B9CB23D3F06A0053DFD7 /* Frameworks */ = {
			isa = PBXGroup;
			children = (
				E424B9C423D1CA1F0053DFD7 /* Lame */,
			);
			path = Frameworks;
			sourceTree = "<group>";
		};
		E424B9CC23D3F1060053DFD7 /* Recorder */ = {
			isa = PBXGroup;
			children = (
				E424B9CD23D3F1440053DFD7 /* CBIAVRecorder.h */,
				E424B9CE23D3F1440053DFD7 /* CBIAVRecorder.m */,
			);
			path = Recorder;
			sourceTree = "<group>";
		};
/* End PBXGroup section */

/* Begin PBXNativeTarget section */
		E424B9A223D1C6100053DFD7 /* CBIKit */ = {
			isa = PBXNativeTarget;
			buildConfigurationList = E424B9BC23D1C6110053DFD7 /* Build configuration list for PBXNativeTarget "CBIKit" */;
			buildPhases = (
				E424B99F23D1C6100053DFD7 /* Sources */,
				E424B9A023D1C6100053DFD7 /* Frameworks */,
				E424B9A123D1C6100053DFD7 /* Resources */,
			);
			buildRules = (
			);
			dependencies = (
			);
			name = CBIKit;
			productName = CBIKit;
			productReference = E424B9A323D1C6100053DFD7 /* CBIKit.app */;
			productType = "com.apple.product-type.application";
		};
/* End PBXNativeTarget section */

/* Begin PBXProject section */
		E424B99B23D1C6100053DFD7 /* Project object */ = {
			isa = PBXProject;
			attributes = {
				CLASSPREFIX = CBI;
				LastUpgradeCheck = 1120;
				ORGANIZATIONNAME = Better;
				TargetAttributes = {
					E424B9A223D1C6100053DFD7 = {
						CreatedOnToolsVersion = 11.2.1;
					};
				};
			};
			buildConfigurationList = E424B99E23D1C6100053DFD7 /* Build configuration list for PBXProject "CBIKit" */;
			compatibilityVersion = "Xcode 9.3";
			developmentRegion = en;
			hasScannedForEncodings = 0;
			knownRegions = (
				en,
				Base,
			);
			mainGroup = E424B99A23D1C6100053DFD7;
			productRefGroup = E424B9A423D1C6100053DFD7 /* Products */;
			projectDirPath = "";
			projectRoot = "";
			targets = (
				E424B9A223D1C6100053DFD7 /* CBIKit */,
			);
		};
/* End PBXProject section */

/* Begin PBXResourcesBuildPhase section */
		E424B9A123D1C6100053DFD7 /* Resources */ = {
			isa = PBXResourcesBuildPhase;
			buildActionMask = 2147483647;
			files = (
				E424B9B623D1C6110053DFD7 /* LaunchScreen.storyboard in Resources */,
				E424B9B323D1C6110053DFD7 /* Assets.xcassets in Resources */,
				E4E970E523D3F74B0037196B /* 音频相关知识.md in Resources */,
				E424B9B123D1C6100053DFD7 /* Main.storyboard in Resources */,
			);
			runOnlyForDeploymentPostprocessing = 0;
		};
/* End PBXResourcesBuildPhase section */

/* Begin PBXSourcesBuildPhase section */
		E424B99F23D1C6100053DFD7 /* Sources */ = {
			isa = PBXSourcesBuildPhase;
			buildActionMask = 2147483647;
			files = (
				E424B9C923D1CB790053DFD7 /* CBICAFToMP3.m in Sources */,
				E424B9AE23D1C6100053DFD7 /* ViewController.m in Sources */,
				E424B9A823D1C6100053DFD7 /* AppDelegate.m in Sources */,
				E424B9CF23D3F1440053DFD7 /* CBIAVRecorder.m in Sources */,
				E424B9B923D1C6110053DFD7 /* main.m in Sources */,
				E424B9AB23D1C6100053DFD7 /* SceneDelegate.m in Sources */,
			);
			runOnlyForDeploymentPostprocessing = 0;
		};
/* End PBXSourcesBuildPhase section */

/* Begin PBXVariantGroup section */
		E424B9AF23D1C6100053DFD7 /* Main.storyboard */ = {
			isa = PBXVariantGroup;
			children = (
				E424B9B023D1C6100053DFD7 /* Base */,
			);
			name = Main.storyboard;
			sourceTree = "<group>";
		};
		E424B9B423D1C6110053DFD7 /* LaunchScreen.storyboard */ = {
			isa = PBXVariantGroup;
			children = (
				E424B9B523D1C6110053DFD7 /* Base */,
			);
			name = LaunchScreen.storyboard;
			sourceTree = "<group>";
		};
/* End PBXVariantGroup section */

/* Begin XCBuildConfiguration section */
		E424B9BA23D1C6110053DFD7 /* Debug */ = {
			isa = XCBuildConfiguration;
			buildSettings = {
				ALWAYS_SEARCH_USER_PATHS = NO;
				CLANG_ANALYZER_NONNULL = YES;
				CLANG_ANALYZER_NUMBER_OBJECT_CONVERSION = YES_AGGRESSIVE;
				CLANG_CXX_LANGUAGE_STANDARD = "gnu++14";
				CLANG_CXX_LIBRARY = "libc++";
				CLANG_ENABLE_MODULES = YES;
				CLANG_ENABLE_OBJC_ARC = YES;
				CLANG_ENABLE_OBJC_WEAK = YES;
				CLANG_WARN_BLOCK_CAPTURE_AUTORELEASING = YES;
				CLANG_WARN_BOOL_CONVERSION = YES;
				CLANG_WARN_COMMA = YES;
				CLANG_WARN_CONSTANT_CONVERSION = YES;
				CLANG_WARN_DEPRECATED_OBJC_IMPLEMENTATIONS = YES;
				CLANG_WARN_DIRECT_OBJC_ISA_USAGE = YES_ERROR;
				CLANG_WARN_DOCUMENTATION_COMMENTS = YES;
				CLANG_WARN_EMPTY_BODY = YES;
				CLANG_WARN_ENUM_CONVERSION = YES;
				CLANG_WARN_INFINITE_RECURSION = YES;
				CLANG_WARN_INT_CONVERSION = YES;
				CLANG_WARN_NON_LITERAL_NULL_CONVERSION = YES;
				CLANG_WARN_OBJC_IMPLICIT_RETAIN_SELF = YES;
				CLANG_WARN_OBJC_LITERAL_CONVERSION = YES;
				CLANG_WARN_OBJC_ROOT_CLASS = YES_ERROR;
				CLANG_WARN_RANGE_LOOP_ANALYSIS = YES;
				CLANG_WARN_STRICT_PROTOTYPES = YES;
				CLANG_WARN_SUSPICIOUS_MOVE = YES;
				CLANG_WARN_UNGUARDED_AVAILABILITY = YES_AGGRESSIVE;
				CLANG_WARN_UNREACHABLE_CODE = YES;
				CLANG_WARN__DUPLICATE_METHOD_MATCH = YES;
				COPY_PHASE_STRIP = NO;
				DEBUG_INFORMATION_FORMAT = dwarf;
				ENABLE_STRICT_OBJC_MSGSEND = YES;
				ENABLE_TESTABILITY = YES;
				GCC_C_LANGUAGE_STANDARD = gnu11;
				GCC_DYNAMIC_NO_PIC = NO;
				GCC_NO_COMMON_BLOCKS = YES;
				GCC_OPTIMIZATION_LEVEL = 0;
				GCC_PREPROCESSOR_DEFINITIONS = (
					"DEBUG=1",
					"$(inherited)",
				);
				GCC_WARN_64_TO_32_BIT_CONVERSION = YES;
				GCC_WARN_ABOUT_RETURN_TYPE = YES_ERROR;
				GCC_WARN_UNDECLARED_SELECTOR = YES;
				GCC_WARN_UNINITIALIZED_AUTOS = YES_AGGRESSIVE;
				GCC_WARN_UNUSED_FUNCTION = YES;
				GCC_WARN_UNUSED_VARIABLE = YES;
				IPHONEOS_DEPLOYMENT_TARGET = 13.2;
				MTL_ENABLE_DEBUG_INFO = INCLUDE_SOURCE;
				MTL_FAST_MATH = YES;
				ONLY_ACTIVE_ARCH = YES;
				SDKROOT = iphoneos;
			};
			name = Debug;
		};
		E424B9BB23D1C6110053DFD7 /* Release */ = {
			isa = XCBuildConfiguration;
			buildSettings = {
				ALWAYS_SEARCH_USER_PATHS = NO;
				CLANG_ANALYZER_NONNULL = YES;
				CLANG_ANALYZER_NUMBER_OBJECT_CONVERSION = YES_AGGRESSIVE;
				CLANG_CXX_LANGUAGE_STANDARD = "gnu++14";
				CLANG_CXX_LIBRARY = "libc++";
				CLANG_ENABLE_MODULES = YES;
				CLANG_ENABLE_OBJC_ARC = YES;
				CLANG_ENABLE_OBJC_WEAK = YES;
				CLANG_WARN_BLOCK_CAPTURE_AUTORELEASING = YES;
				CLANG_WARN_BOOL_CONVERSION = YES;
				CLANG_WARN_COMMA = YES;
				CLANG_WARN_CONSTANT_CONVERSION = YES;
				CLANG_WARN_DEPRECATED_OBJC_IMPLEMENTATIONS = YES;
				CLANG_WARN_DIRECT_OBJC_ISA_USAGE = YES_ERROR;
				CLANG_WARN_DOCUMENTATION_COMMENTS = YES;
				CLANG_WARN_EMPTY_BODY = YES;
				CLANG_WARN_ENUM_CONVERSION = YES;
				CLANG_WARN_INFINITE_RECURSION = YES;
				CLANG_WARN_INT_CONVERSION = YES;
				CLANG_WARN_NON_LITERAL_NULL_CONVERSION = YES;
				CLANG_WARN_OBJC_IMPLICIT_RETAIN_SELF = YES;
				CLANG_WARN_OBJC_LITERAL_CONVERSION = YES;
				CLANG_WARN_OBJC_ROOT_CLASS = YES_ERROR;
				CLANG_WARN_RANGE_LOOP_ANALYSIS = YES;
				CLANG_WARN_STRICT_PROTOTYPES = YES;
				CLANG_WARN_SUSPICIOUS_MOVE = YES;
				CLANG_WARN_UNGUARDED_AVAILABILITY = YES_AGGRESSIVE;
				CLANG_WARN_UNREACHABLE_CODE = YES;
				CLANG_WARN__DUPLICATE_METHOD_MATCH = YES;
				COPY_PHASE_STRIP = NO;
				DEBUG_INFORMATION_FORMAT = "dwarf-with-dsym";
				ENABLE_NS_ASSERTIONS = NO;
				ENABLE_STRICT_OBJC_MSGSEND = YES;
				GCC_C_LANGUAGE_STANDARD = gnu11;
				GCC_NO_COMMON_BLOCKS = YES;
				GCC_WARN_64_TO_32_BIT_CONVERSION = YES;
				GCC_WARN_ABOUT_RETURN_TYPE = YES_ERROR;
				GCC_WARN_UNDECLARED_SELECTOR = YES;
				GCC_WARN_UNINITIALIZED_AUTOS = YES_AGGRESSIVE;
				GCC_WARN_UNUSED_FUNCTION = YES;
				GCC_WARN_UNUSED_VARIABLE = YES;
				IPHONEOS_DEPLOYMENT_TARGET = 13.2;
				MTL_ENABLE_DEBUG_INFO = NO;
				MTL_FAST_MATH = YES;
				SDKROOT = iphoneos;
				VALIDATE_PRODUCT = YES;
			};
			name = Release;
		};
		E424B9BD23D1C6110053DFD7 /* Debug */ = {
			isa = XCBuildConfiguration;
			buildSettings = {
				ASSETCATALOG_COMPILER_APPICON_NAME = AppIcon;
				CODE_SIGN_STYLE = Automatic;
				DEVELOPMENT_TEAM = V95KM6E24P;
				FRAMEWORK_SEARCH_PATHS = (
					"$(inherited)",
					"$(PROJECT_DIR)/CBIKit/Audio/Recoder/Frameworks/Lame",
				);
				INFOPLIST_FILE = CBIKit/Info.plist;
				LD_RUNPATH_SEARCH_PATHS = (
					"$(inherited)",
					"@executable_path/Frameworks",
				);
				LIBRARY_SEARCH_PATHS = (
					"$(inherited)",
					"$(PROJECT_DIR)/CBIKit/Audio/Recoder/Frameworks/Lame",
				);
				PRODUCT_BUNDLE_IDENTIFIER = com.von.CBIKit;
				PRODUCT_NAME = "$(TARGET_NAME)";
				TARGETED_DEVICE_FAMILY = "1,2";
			};
			name = Debug;
		};
		E424B9BE23D1C6110053DFD7 /* Release */ = {
			isa = XCBuildConfiguration;
			buildSettings = {
				ASSETCATALOG_COMPILER_APPICON_NAME = AppIcon;
				CODE_SIGN_STYLE = Automatic;
				DEVELOPMENT_TEAM = V95KM6E24P;
				FRAMEWORK_SEARCH_PATHS = (
					"$(inherited)",
					"$(PROJECT_DIR)/CBIKit/Audio/Recoder/Frameworks/Lame",
				);
				INFOPLIST_FILE = CBIKit/Info.plist;
				LD_RUNPATH_SEARCH_PATHS = (
					"$(inherited)",
					"@executable_path/Frameworks",
				);
				LIBRARY_SEARCH_PATHS = (
					"$(inherited)",
					"$(PROJECT_DIR)/CBIKit/Audio/Recoder/Frameworks/Lame",
				);
				PRODUCT_BUNDLE_IDENTIFIER = com.von.CBIKit;
				PRODUCT_NAME = "$(TARGET_NAME)";
				TARGETED_DEVICE_FAMILY = "1,2";
			};
			name = Release;
		};
/* End XCBuildConfiguration section */

/* Begin XCConfigurationList section */
		E424B99E23D1C6100053DFD7 /* Build configuration list for PBXProject "CBIKit" */ = {
			isa = XCConfigurationList;
			buildConfigurations = (
				E424B9BA23D1C6110053DFD7 /* Debug */,
				E424B9BB23D1C6110053DFD7 /* Release */,
			);
			defaultConfigurationIsVisible = 0;
			defaultConfigurationName = Release;
		};
		E424B9BC23D1C6110053DFD7 /* Build configuration list for PBXNativeTarget "CBIKit" */ = {
			isa = XCConfigurationList;
			buildConfigurations = (
				E424B9BD23D1C6110053DFD7 /* Debug */,
				E424B9BE23D1C6110053DFD7 /* Release */,
			);
			defaultConfigurationIsVisible = 0;
			defaultConfigurationName = Release;
		};
/* End XCConfigurationList section */
	};
	rootObject = E424B99B23D1C6100053DFD7 /* Project object */;
}
